
Microsoft Visual Studio Solution File, Format Version 12.00
# Visual Studio Version 17
VisualStudioVersion = 17.1.32210.238
MinimumVisualStudioVersion = 10.0.40219.1
Project("{E53339B2-1760-4266-BCC7-CA923CBCF16C}") = "docker-compose", "docker-compose.dcproj", "{0EBF44A6-3DCF-479B-A07A-AE18D34E54F8}"
EndProject
Project("{9A19103F-16F7-4668-BE54-9A1E7A4F7556}") = "PubSubDarpSample.Subscriptor", "PubSubDarpSample.Subscriptor\PubSubDarpSample.Subscriptor.csproj", "{5909CEFB-B76B-4B83-98E6-E7D7839A1467}"
EndProject
Global
	GlobalSection(SolutionConfigurationPlatforms) = preSolution
		Debug|Any CPU = Debug|Any CPU
		Release|Any CPU = Release|Any CPU
	EndGlobalSection
	GlobalSection(ProjectConfigurationPlatforms) = postSolution
		{0EBF44A6-3DCF-479B-A07A-AE18D34E54F8}.Debug|Any CPU.ActiveCfg = Debug|Any CPU
		{0EBF44A6-3DCF-479B-A07A-AE18D34E54F8}.Debug|Any CPU.Build.0 = Debug|Any CPU
		{0EBF44A6-3DCF-479B-A07A-AE18D34E54F8}.Release|Any CPU.ActiveCfg = Release|Any CPU
		{0EBF44A6-3DCF-479B-A07A-AE18D34E54F8}.Release|Any CPU.Build.0 = Release|Any CPU
		{5909CEFB-B76B-4B83-98E6-E7D7839A1467}.Debug|Any CPU.ActiveCfg = Debug|Any CPU
		{5909CEFB-B76B-4B83-98E6-E7D7839A1467}.Debug|Any CPU.Build.0 = Debug|Any CPU
		{5909CEFB-B76B-4B83-98E6-E7D7839A1467}.Release|Any CPU.ActiveCfg = Release|Any CPU
		{5909CEFB-B76B-4B83-98E6-E7D7839A1467}.Release|Any CPU.Build.0 = Release|Any CPU
	EndGlobalSection
	GlobalSection(SolutionProperties) = preSolution
		HideSolutionNode = FALSE
	EndGlobalSection
	GlobalSection(ExtensibilityGlobals) = postSolution
		SolutionGuid = {aec2f4cd-d596-48fb-b9eb-4799d484f4fd}
	EndGlobalSection
EndGlobal
